// !$*UTF8*$!
{
	archiveVersion = 1;
	classes = {
	};
	objectVersion = 77;
	objects = {

/* Begin PBXBuildFile section */
		64B2802C2ED1527000B07C8A /* ManagedSettings.framework in Frameworks */ = {isa = PBXBuildFile; fileRef = 64F7B1232ECDB92300F491A2 /* ManagedSettings.framework */; };
		64B280342ED1527000B07C8A /* PhysicallyAction.appex in Embed Foundation Extensions */ = {isa = PBXBuildFile; fileRef = 64B2802B2ED1527000B07C8A /* PhysicallyAction.appex */; settings = {ATTRIBUTES = (RemoveHeadersOnCopy, ); }; };
		64B280692ED2163C00B07C8A /* DeviceActivity.framework in Frameworks */ = {isa = PBXBuildFile; fileRef = 64B280682ED2163C00B07C8A /* DeviceActivity.framework */; };
		64B280712ED2163C00B07C8A /* PhysicallyMonitor.appex in Embed Foundation Extensions */ = {isa = PBXBuildFile; fileRef = 64B280672ED2163C00B07C8A /* PhysicallyMonitor.appex */; settings = {ATTRIBUTES = (RemoveHeadersOnCopy, ); }; };
		64F7B11D2ECDB82A00F491A2 /* StoreKit.framework in Frameworks */ = {isa = PBXBuildFile; fileRef = 64F7B11C2ECDB82900F491A2 /* StoreKit.framework */; };
		64F7B1242ECDB92300F491A2 /* ManagedSettings.framework in Frameworks */ = {isa = PBXBuildFile; fileRef = 64F7B1232ECDB92300F491A2 /* ManagedSettings.framework */; };
		64F7B1262ECDB92300F491A2 /* ManagedSettingsUI.framework in Frameworks */ = {isa = PBXBuildFile; fileRef = 64F7B1252ECDB92300F491A2 /* ManagedSettingsUI.framework */; };
		64F7B12E2ECDB92400F491A2 /* PhysicallyShield.appex in Embed Foundation Extensions */ = {isa = PBXBuildFile; fileRef = 64F7B1222ECDB91F00F491A2 /* PhysicallyShield.appex */; settings = {ATTRIBUTES = (RemoveHeadersOnCopy, ); }; };
/* End PBXBuildFile section */

/* Begin PBXContainerItemProxy section */
		64B280322ED1527000B07C8A /* PBXContainerItemProxy */ = {
			isa = PBXContainerItemProxy;
			containerPortal = 64F7B0FC2ECD4BEF00F491A2 /* Project object */;
			proxyType = 1;
			remoteGlobalIDString = 64B2802A2ED1527000B07C8A;
			remoteInfo = PhysicallyAction;
		};
		64B2806F2ED2163C00B07C8A /* PBXContainerItemProxy */ = {
			isa = PBXContainerItemProxy;
			containerPortal = 64F7B0FC2ECD4BEF00F491A2 /* Project object */;
			proxyType = 1;
			remoteGlobalIDString = 64B280662ED2163B00B07C8A;
			remoteInfo = PhysicallyMonitor;
		};
		64F7B12C2ECDB92400F491A2 /* PBXContainerItemProxy */ = {
			isa = PBXContainerItemProxy;
			containerPortal = 64F7B0FC2ECD4BEF00F491A2 /* Project object */;
			proxyType = 1;
			remoteGlobalIDString = 64F7B1212ECDB91E00F491A2;
			remoteInfo = PhysicallyShield;
		};
/* End PBXContainerItemProxy section */

/* Begin PBXCopyFilesBuildPhase section */
		64F7B1332ECDB92400F491A2 /* Embed Foundation Extensions */ = {
			isa = PBXCopyFilesBuildPhase;
			buildActionMask = 2147483647;
			dstPath = "";
			dstSubfolderSpec = 13;
			files = (
				64B280712ED2163C00B07C8A /* PhysicallyMonitor.appex in Embed Foundation Extensions */,
				64B280342ED1527000B07C8A /* PhysicallyAction.appex in Embed Foundation Extensions */,
				64F7B12E2ECDB92400F491A2 /* PhysicallyShield.appex in Embed Foundation Extensions */,
			);
			name = "Embed Foundation Extensions";
			runOnlyForDeploymentPostprocessing = 0;
		};
/* End PBXCopyFilesBuildPhase section */

/* Begin PBXFileReference section */
		64B2802B2ED1527000B07C8A /* PhysicallyAction.appex */ = {isa = PBXFileReference; explicitFileType = "wrapper.app-extension"; includeInIndex = 0; path = PhysicallyAction.appex; sourceTree = BUILT_PRODUCTS_DIR; };
		64B280672ED2163C00B07C8A /* PhysicallyMonitor.appex */ = {isa = PBXFileReference; explicitFileType = "wrapper.app-extension"; includeInIndex = 0; path = PhysicallyMonitor.appex; sourceTree = BUILT_PRODUCTS_DIR; };
		64B280682ED2163C00B07C8A /* DeviceActivity.framework */ = {isa = PBXFileReference; lastKnownFileType = wrapper.framework; name = DeviceActivity.framework; path = System/Library/Frameworks/DeviceActivity.framework; sourceTree = SDKROOT; };
		64F7B1042ECD4BEF00F491A2 /* Physically.app */ = {isa = PBXFileReference; explicitFileType = wrapper.application; includeInIndex = 0; path = Physically.app; sourceTree = BUILT_PRODUCTS_DIR; };
		64F7B11C2ECDB82900F491A2 /* StoreKit.framework */ = {isa = PBXFileReference; lastKnownFileType = wrapper.framework; name = StoreKit.framework; path = System/Library/Frameworks/StoreKit.framework; sourceTree = SDKROOT; };
		64F7B1222ECDB91F00F491A2 /* PhysicallyShield.appex */ = {isa = PBXFileReference; explicitFileType = "wrapper.app-extension"; includeInIndex = 0; path = PhysicallyShield.appex; sourceTree = BUILT_PRODUCTS_DIR; };
		64F7B1232ECDB92300F491A2 /* ManagedSettings.framework */ = {isa = PBXFileReference; lastKnownFileType = wrapper.framework; name = ManagedSettings.framework; path = System/Library/Frameworks/ManagedSettings.framework; sourceTree = SDKROOT; };
		64F7B1252ECDB92300F491A2 /* ManagedSettingsUI.framework */ = {isa = PBXFileReference; lastKnownFileType = wrapper.framework; name = ManagedSettingsUI.framework; path = System/Library/Frameworks/ManagedSettingsUI.framework; sourceTree = SDKROOT; };
/* End PBXFileReference section */

/* Begin PBXFileSystemSynchronizedBuildFileExceptionSet section */
		64B280242ED14BD200B07C8A /* Exceptions for "Physically" folder in "Physically" target */ = {
			isa = PBXFileSystemSynchronizedBuildFileExceptionSet;
			membershipExceptions = (
				Info.plist,
			);
			target = 64F7B1032ECD4BEF00F491A2 /* Physically */;
		};
		64B280382ED1527000B07C8A /* Exceptions for "PhysicallyAction" folder in "PhysicallyAction" target */ = {
			isa = PBXFileSystemSynchronizedBuildFileExceptionSet;
			membershipExceptions = (
				Info.plist,
			);
			target = 64B2802A2ED1527000B07C8A /* PhysicallyAction */;
		};
		64B280752ED2163C00B07C8A /* Exceptions for "PhysicallyMonitor" folder in "PhysicallyMonitor" target */ = {
			isa = PBXFileSystemSynchronizedBuildFileExceptionSet;
			membershipExceptions = (
				Info.plist,
			);
			target = 64B280662ED2163B00B07C8A /* PhysicallyMonitor */;
		};
		64B280792ED2252800B07C8A /* Exceptions for "Physically" folder in "PhysicallyMonitor" target */ = {
			isa = PBXFileSystemSynchronizedBuildFileExceptionSet;
			membershipExceptions = (
				SharedModel.swift,
			);
			target = 64B280662ED2163B00B07C8A /* PhysicallyMonitor */;
		};
		64F7B12F2ECDB92400F491A2 /* Exceptions for "PhysicallyShield" folder in "PhysicallyShield" target */ = {
			isa = PBXFileSystemSynchronizedBuildFileExceptionSet;
			membershipExceptions = (
				Info.plist,
			);
			target = 64F7B1212ECDB91E00F491A2 /* PhysicallyShield */;
		};
/* End PBXFileSystemSynchronizedBuildFileExceptionSet section */

/* Begin PBXFileSystemSynchronizedRootGroup section */
		64B2802D2ED1527000B07C8A /* PhysicallyAction */ = {
			isa = PBXFileSystemSynchronizedRootGroup;
			exceptions = (
				64B280382ED1527000B07C8A /* Exceptions for "PhysicallyAction" folder in "PhysicallyAction" target */,
			);
			path = PhysicallyAction;
			sourceTree = "<group>";
		};
		64B2806A2ED2163C00B07C8A /* PhysicallyMonitor */ = {
			isa = PBXFileSystemSynchronizedRootGroup;
			exceptions = (
				64B280752ED2163C00B07C8A /* Exceptions for "PhysicallyMonitor" folder in "PhysicallyMonitor" target */,
			);
			path = PhysicallyMonitor;
			sourceTree = "<group>";
		};
		64F7B1062ECD4BEF00F491A2 /* Physically */ = {
			isa = PBXFileSystemSynchronizedRootGroup;
			exceptions = (
				64B280242ED14BD200B07C8A /* Exceptions for "Physically" folder in "Physically" target */,
				64B280792ED2252800B07C8A /* Exceptions for "Physically" folder in "PhysicallyMonitor" target */,
			);
			path = Physically;
			sourceTree = "<group>";
		};
		64F7B1272ECDB92300F491A2 /* PhysicallyShield */ = {
			isa = PBXFileSystemSynchronizedRootGroup;
			exceptions = (
				64F7B12F2ECDB92400F491A2 /* Exceptions for "PhysicallyShield" folder in "PhysicallyShield" target */,
			);
			path = PhysicallyShield;
			sourceTree = "<group>";
		};
/* End PBXFileSystemSynchronizedRootGroup section */

/* Begin PBXFrameworksBuildPhase section */
		64B280282ED1527000B07C8A /* Frameworks */ = {
			isa = PBXFrameworksBuildPhase;
			buildActionMask = 2147483647;
			files = (
				64B2802C2ED1527000B07C8A /* ManagedSettings.framework in Frameworks */,
			);
			runOnlyForDeploymentPostprocessing = 0;
		};
		64B280642ED2163B00B07C8A /* Frameworks */ = {
			isa = PBXFrameworksBuildPhase;
			buildActionMask = 2147483647;
			files = (
				64B280692ED2163C00B07C8A /* DeviceActivity.framework in Frameworks */,
			);
			runOnlyForDeploymentPostprocessing = 0;
		};
		64F7B1012ECD4BEF00F491A2 /* Frameworks */ = {
			isa = PBXFrameworksBuildPhase;
			buildActionMask = 2147483647;
			files = (
				64F7B11D2ECDB82A00F491A2 /* StoreKit.framework in Frameworks */,
			);
			runOnlyForDeploymentPostprocessing = 0;
		};
		64F7B11F2ECDB91E00F491A2 /* Frameworks */ = {
			isa = PBXFrameworksBuildPhase;
			buildActionMask = 2147483647;
			files = (
				64F7B1242ECDB92300F491A2 /* ManagedSettings.framework in Frameworks */,
				64F7B1262ECDB92300F491A2 /* ManagedSettingsUI.framework in Frameworks */,
			);
			runOnlyForDeploymentPostprocessing = 0;
		};
/* End PBXFrameworksBuildPhase section */

/* Begin PBXGroup section */
		64F7B0FB2ECD4BEF00F491A2 = {
			isa = PBXGroup;
			children = (
				64F7B1062ECD4BEF00F491A2 /* Physically */,
				64F7B1272ECDB92300F491A2 /* PhysicallyShield */,
				64B2802D2ED1527000B07C8A /* PhysicallyAction */,
				64B2806A2ED2163C00B07C8A /* PhysicallyMonitor */,
				64F7B11B2ECDB82800F491A2 /* Frameworks */,
				64F7B1052ECD4BEF00F491A2 /* Products */,
			);
			sourceTree = "<group>";
		};
		64F7B1052ECD4BEF00F491A2 /* Products */ = {
			isa = PBXGroup;
			children = (
				64F7B1042ECD4BEF00F491A2 /* Physically.app */,
				64F7B1222ECDB91F00F491A2 /* PhysicallyShield.appex */,
				64B2802B2ED1527000B07C8A /* PhysicallyAction.appex */,
				64B280672ED2163C00B07C8A /* PhysicallyMonitor.appex */,
			);
			name = Products;
			sourceTree = "<group>";
		};
		64F7B11B2ECDB82800F491A2 /* Frameworks */ = {
			isa = PBXGroup;
			children = (
				64F7B11C2ECDB82900F491A2 /* StoreKit.framework */,
				64F7B1232ECDB92300F491A2 /* ManagedSettings.framework */,
				64F7B1252ECDB92300F491A2 /* ManagedSettingsUI.framework */,
				64B280682ED2163C00B07C8A /* DeviceActivity.framework */,
			);
			name = Frameworks;
			sourceTree = "<group>";
		};
/* End PBXGroup section */

/* Begin PBXNativeTarget section */
		64B2802A2ED1527000B07C8A /* PhysicallyAction */ = {
			isa = PBXNativeTarget;
			buildConfigurationList = 64B280352ED1527000B07C8A /* Build configuration list for PBXNativeTarget "PhysicallyAction" */;
			buildPhases = (
				64B280272ED1527000B07C8A /* Sources */,
				64B280282ED1527000B07C8A /* Frameworks */,
				64B280292ED1527000B07C8A /* Resources */,
			);
			buildRules = (
			);
			dependencies = (
			);
			fileSystemSynchronizedGroups = (
				64B2802D2ED1527000B07C8A /* PhysicallyAction */,
			);
			name = PhysicallyAction;
			packageProductDependencies = (
			);
			productName = PhysicallyAction;
			productReference = 64B2802B2ED1527000B07C8A /* PhysicallyAction.appex */;
			productType = "com.apple.product-type.app-extension";
		};
		64B280662ED2163B00B07C8A /* PhysicallyMonitor */ = {
			isa = PBXNativeTarget;
			buildConfigurationList = 64B280722ED2163C00B07C8A /* Build configuration list for PBXNativeTarget "PhysicallyMonitor" */;
			buildPhases = (
				64B280632ED2163B00B07C8A /* Sources */,
				64B280642ED2163B00B07C8A /* Frameworks */,
				64B280652ED2163B00B07C8A /* Resources */,
			);
			buildRules = (
			);
			dependencies = (
			);
			fileSystemSynchronizedGroups = (
				64B2806A2ED2163C00B07C8A /* PhysicallyMonitor */,
			);
			name = PhysicallyMonitor;
			packageProductDependencies = (
			);
			productName = PhysicallyMonitor;
			productReference = 64B280672ED2163C00B07C8A /* PhysicallyMonitor.appex */;
			productType = "com.apple.product-type.app-extension";
		};
		64F7B1032ECD4BEF00F491A2 /* Physically */ = {
			isa = PBXNativeTarget;
			buildConfigurationList = 64F7B10F2ECD4BF100F491A2 /* Build configuration list for PBXNativeTarget "Physically" */;
			buildPhases = (
				64F7B1002ECD4BEF00F491A2 /* Sources */,
				64F7B1012ECD4BEF00F491A2 /* Frameworks */,
				64F7B1022ECD4BEF00F491A2 /* Resources */,
				64F7B1332ECDB92400F491A2 /* Embed Foundation Extensions */,
			);
			buildRules = (
			);
			dependencies = (
				64F7B12D2ECDB92400F491A2 /* PBXTargetDependency */,
				64B280332ED1527000B07C8A /* PBXTargetDependency */,
				64B280702ED2163C00B07C8A /* PBXTargetDependency */,
			);
			fileSystemSynchronizedGroups = (
				64F7B1062ECD4BEF00F491A2 /* Physically */,
			);
			name = Physically;
			packageProductDependencies = (
			);
			productName = Physically;
			productReference = 64F7B1042ECD4BEF00F491A2 /* Physically.app */;
			productType = "com.apple.product-type.application";
		};
		64F7B1212ECDB91E00F491A2 /* PhysicallyShield */ = {
			isa = PBXNativeTarget;
			buildConfigurationList = 64F7B1302ECDB92400F491A2 /* Build configuration list for PBXNativeTarget "PhysicallyShield" */;
			buildPhases = (
				64F7B11E2ECDB91E00F491A2 /* Sources */,
				64F7B11F2ECDB91E00F491A2 /* Frameworks */,
				64F7B1202ECDB91E00F491A2 /* Resources */,
			);
			buildRules = (
			);
			dependencies = (
			);
			fileSystemSynchronizedGroups = (
				64F7B1272ECDB92300F491A2 /* PhysicallyShield */,
			);
			name = PhysicallyShield;
			packageProductDependencies = (
			);
			productName = PhysicallyShield;
			productReference = 64F7B1222ECDB91F00F491A2 /* PhysicallyShield.appex */;
			productType = "com.apple.product-type.app-extension";
		};
/* End PBXNativeTarget section */

/* Begin PBXProject section */
		64F7B0FC2ECD4BEF00F491A2 /* Project object */ = {
			isa = PBXProject;
			attributes = {
				BuildIndependentTargetsInParallel = 1;
				LastSwiftUpdateCheck = 2610;
				LastUpgradeCheck = 2610;
				TargetAttributes = {
					64B2802A2ED1527000B07C8A = {
						CreatedOnToolsVersion = 26.1.1;
					};
					64B280662ED2163B00B07C8A = {
						CreatedOnToolsVersion = 26.1.1;
					};
					64F7B1032ECD4BEF00F491A2 = {
						CreatedOnToolsVersion = 26.1.1;
					};
					64F7B1212ECDB91E00F491A2 = {
						CreatedOnToolsVersion = 26.1.1;
					};
				};
			};
			buildConfigurationList = 64F7B0FF2ECD4BEF00F491A2 /* Build configuration list for PBXProject "Physically" */;
			developmentRegion = en;
			hasScannedForEncodings = 0;
			knownRegions = (
				en,
				Base,
			);
			mainGroup = 64F7B0FB2ECD4BEF00F491A2;
			minimizedProjectReferenceProxies = 1;
			preferredProjectObjectVersion = 77;
			productRefGroup = 64F7B1052ECD4BEF00F491A2 /* Products */;
			projectDirPath = "";
			projectRoot = "";
			targets = (
				64F7B1032ECD4BEF00F491A2 /* Physically */,
				64F7B1212ECDB91E00F491A2 /* PhysicallyShield */,
				64B2802A2ED1527000B07C8A /* PhysicallyAction */,
				64B280662ED2163B00B07C8A /* PhysicallyMonitor */,
			);
		};
/* End PBXProject section */

/* Begin PBXResourcesBuildPhase section */
		64B280292ED1527000B07C8A /* Resources */ = {
			isa = PBXResourcesBuildPhase;
			buildActionMask = 2147483647;
			files = (
			);
			runOnlyForDeploymentPostprocessing = 0;
		};
		64B280652ED2163B00B07C8A /* Resources */ = {
			isa = PBXResourcesBuildPhase;
			buildActionMask = 2147483647;
			files = (
			);
			runOnlyForDeploymentPostprocessing = 0;
		};
		64F7B1022ECD4BEF00F491A2 /* Resources */ = {
			isa = PBXResourcesBuildPhase;
			buildActionMask = 2147483647;
			files = (
			);
			runOnlyForDeploymentPostprocessing = 0;
		};
		64F7B1202ECDB91E00F491A2 /* Resources */ = {
			isa = PBXResourcesBuildPhase;
			buildActionMask = 2147483647;
			files = (
			);
			runOnlyForDeploymentPostprocessing = 0;
		};
/* End PBXResourcesBuildPhase section */

/* Begin PBXSourcesBuildPhase section */
		64B280272ED1527000B07C8A /* Sources */ = {
			isa = PBXSourcesBuildPhase;
			buildActionMask = 2147483647;
			files = (
			);
			runOnlyForDeploymentPostprocessing = 0;
		};
		64B280632ED2163B00B07C8A /* Sources */ = {
			isa = PBXSourcesBuildPhase;
			buildActionMask = 2147483647;
			files = (
			);
			runOnlyForDeploymentPostprocessing = 0;
		};
		64F7B1002ECD4BEF00F491A2 /* Sources */ = {
			isa = PBXSourcesBuildPhase;
			buildActionMask = 2147483647;
			files = (
			);
			runOnlyForDeploymentPostprocessing = 0;
		};
		64F7B11E2ECDB91E00F491A2 /* Sources */ = {
			isa = PBXSourcesBuildPhase;
			buildActionMask = 2147483647;
			files = (
			);
			runOnlyForDeploymentPostprocessing = 0;
		};
/* End PBXSourcesBuildPhase section */

/* Begin PBXTargetDependency section */
		64B280332ED1527000B07C8A /* PBXTargetDependency */ = {
			isa = PBXTargetDependency;
			target = 64B2802A2ED1527000B07C8A /* PhysicallyAction */;
			targetProxy = 64B280322ED1527000B07C8A /* PBXContainerItemProxy */;
		};
		64B280702ED2163C00B07C8A /* PBXTargetDependency */ = {
			isa = PBXTargetDependency;
			target = 64B280662ED2163B00B07C8A /* PhysicallyMonitor */;
			targetProxy = 64B2806F2ED2163C00B07C8A /* PBXContainerItemProxy */;
		};
		64F7B12D2ECDB92400F491A2 /* PBXTargetDependency */ = {
			isa = PBXTargetDependency;
			target = 64F7B1212ECDB91E00F491A2 /* PhysicallyShield */;
			targetProxy = 64F7B12C2ECDB92400F491A2 /* PBXContainerItemProxy */;
		};
/* End PBXTargetDependency section */

/* Begin XCBuildConfiguration section */
		64B280362ED1527000B07C8A /* Debug */ = {
			isa = XCBuildConfiguration;
			buildSettings = {
				CODE_SIGN_ENTITLEMENTS = PhysicallyAction/PhysicallyAction.entitlements;
				CODE_SIGN_STYLE = Automatic;
				CURRENT_PROJECT_VERSION = 1;
				DEVELOPMENT_TEAM = LHCC7W3H84;
				GENERATE_INFOPLIST_FILE = YES;
				INFOPLIST_FILE = PhysicallyAction/Info.plist;
				INFOPLIST_KEY_CFBundleDisplayName = PhysicallyAction;
				INFOPLIST_KEY_NSHumanReadableCopyright = "";
				LD_RUNPATH_SEARCH_PATHS = (
					"$(inherited)",
					"@executable_path/Frameworks",
					"@executable_path/../../Frameworks",
				);
				MARKETING_VERSION = 1.0;
				PRODUCT_BUNDLE_IDENTIFIER = pratik.Physically.PhysicallyAction;
				PRODUCT_NAME = "$(TARGET_NAME)";
				SKIP_INSTALL = YES;
				STRING_CATALOG_GENERATE_SYMBOLS = YES;
				SWIFT_APPROACHABLE_CONCURRENCY = YES;
				SWIFT_EMIT_LOC_STRINGS = YES;
				SWIFT_UPCOMING_FEATURE_MEMBER_IMPORT_VISIBILITY = YES;
				SWIFT_VERSION = 5.0;
				TARGETED_DEVICE_FAMILY = "1,2";
			};
			name = Debug;
		};
		64B280372ED1527000B07C8A /* Release */ = {
			isa = XCBuildConfiguration;
			buildSettings = {
				CODE_SIGN_ENTITLEMENTS = PhysicallyAction/PhysicallyAction.entitlements;
				CODE_SIGN_STYLE = Automatic;
				CURRENT_PROJECT_VERSION = 1;
				DEVELOPMENT_TEAM = LHCC7W3H84;
				GENERATE_INFOPLIST_FILE = YES;
				INFOPLIST_FILE = PhysicallyAction/Info.plist;
				INFOPLIST_KEY_CFBundleDisplayName = PhysicallyAction;
				INFOPLIST_KEY_NSHumanReadableCopyright = "";
				LD_RUNPATH_SEARCH_PATHS = (
					"$(inherited)",
					"@executable_path/Frameworks",
					"@executable_path/../../Frameworks",
				);
				MARKETING_VERSION = 1.0;
				PRODUCT_BUNDLE_IDENTIFIER = pratik.Physically.PhysicallyAction;
				PRODUCT_NAME = "$(TARGET_NAME)";
				SKIP_INSTALL = YES;
				STRING_CATALOG_GENERATE_SYMBOLS = YES;
				SWIFT_APPROACHABLE_CONCURRENCY = YES;
				SWIFT_EMIT_LOC_STRINGS = YES;
				SWIFT_UPCOMING_FEATURE_MEMBER_IMPORT_VISIBILITY = YES;
				SWIFT_VERSION = 5.0;
				TARGETED_DEVICE_FAMILY = "1,2";
			};
			name = Release;
		};
		64B280732ED2163C00B07C8A /* Debug */ = {
			isa = XCBuildConfiguration;
			buildSettings = {
				CODE_SIGN_ENTITLEMENTS = PhysicallyMonitor/PhysicallyMonitor.entitlements;
				CODE_SIGN_STYLE = Automatic;
				CURRENT_PROJECT_VERSION = 1;
				DEVELOPMENT_TEAM = LHCC7W3H84;
				GENERATE_INFOPLIST_FILE = YES;
				INFOPLIST_FILE = PhysicallyMonitor/Info.plist;
				INFOPLIST_KEY_CFBundleDisplayName = PhysicallyMonitor;
				INFOPLIST_KEY_NSHumanReadableCopyright = "";
				LD_RUNPATH_SEARCH_PATHS = (
					"$(inherited)",
					"@executable_path/Frameworks",
					"@executable_path/../../Frameworks",
				);
				MARKETING_VERSION = 1.0;
				PRODUCT_BUNDLE_IDENTIFIER = pratik.Physically.PhysicallyMonitor;
				PRODUCT_NAME = "$(TARGET_NAME)";
				SKIP_INSTALL = YES;
				STRING_CATALOG_GENERATE_SYMBOLS = YES;
				SWIFT_APPROACHABLE_CONCURRENCY = YES;
				SWIFT_EMIT_LOC_STRINGS = YES;
				SWIFT_UPCOMING_FEATURE_MEMBER_IMPORT_VISIBILITY = YES;
				SWIFT_VERSION = 5.0;
				TARGETED_DEVICE_FAMILY = "1,2";
			};
			name = Debug;
		};
		64B280742ED2163C00B07C8A /* Release */ = {
			isa = XCBuildConfiguration;
			buildSettings = {
				CODE_SIGN_ENTITLEMENTS = PhysicallyMonitor/PhysicallyMonitor.entitlements;
				CODE_SIGN_STYLE = Automatic;
				CURRENT_PROJECT_VERSION = 1;
				DEVELOPMENT_TEAM = LHCC7W3H84;
				GENERATE_INFOPLIST_FILE = YES;
				INFOPLIST_FILE = PhysicallyMonitor/Info.plist;
				INFOPLIST_KEY_CFBundleDisplayName = PhysicallyMonitor;
				INFOPLIST_KEY_NSHumanReadableCopyright = "";
				LD_RUNPATH_SEARCH_PATHS = (
					"$(inherited)",
					"@executable_path/Frameworks",
					"@executable_path/../../Frameworks",
				);
				MARKETING_VERSION = 1.0;
				PRODUCT_BUNDLE_IDENTIFIER = pratik.Physically.PhysicallyMonitor;
				PRODUCT_NAME = "$(TARGET_NAME)";
				SKIP_INSTALL = YES;
				STRING_CATALOG_GENERATE_SYMBOLS = YES;
				SWIFT_APPROACHABLE_CONCURRENCY = YES;
				SWIFT_EMIT_LOC_STRINGS = YES;
				SWIFT_UPCOMING_FEATURE_MEMBER_IMPORT_VISIBILITY = YES;
				SWIFT_VERSION = 5.0;
				TARGETED_DEVICE_FAMILY = "1,2";
			};
			name = Release;
		};
		64F7B10D2ECD4BF100F491A2 /* Debug */ = {
			isa = XCBuildConfiguration;
			buildSettings = {
				ALWAYS_SEARCH_USER_PATHS = NO;
				ASSETCATALOG_COMPILER_GENERATE_SWIFT_ASSET_SYMBOL_EXTENSIONS = YES;
				CLANG_ANALYZER_NONNULL = YES;
				CLANG_ANALYZER_NUMBER_OBJECT_CONVERSION = YES_AGGRESSIVE;
				CLANG_CXX_LANGUAGE_STANDARD = "gnu++20";
				CLANG_ENABLE_MODULES = YES;
				CLANG_ENABLE_OBJC_ARC = YES;
				CLANG_ENABLE_OBJC_WEAK = YES;
				CLANG_WARN_BLOCK_CAPTURE_AUTORELEASING = YES;
				CLANG_WARN_BOOL_CONVERSION = YES;
				CLANG_WARN_COMMA = YES;
				CLANG_WARN_CONSTANT_CONVERSION = YES;
				CLANG_WARN_DEPRECATED_OBJC_IMPLEMENTATIONS = YES;
				CLANG_WARN_DIRECT_OBJC_ISA_USAGE = YES_ERROR;
				CLANG_WARN_DOCUMENTATION_COMMENTS = YES;
				CLANG_WARN_EMPTY_BODY = YES;
				CLANG_WARN_ENUM_CONVERSION = YES;
				CLANG_WARN_INFINITE_RECURSION = YES;
				CLANG_WARN_INT_CONVERSION = YES;
				CLANG_WARN_NON_LITERAL_NULL_CONVERSION = YES;
				CLANG_WARN_OBJC_IMPLICIT_RETAIN_SELF = YES;
				CLANG_WARN_OBJC_LITERAL_CONVERSION = YES;
				CLANG_WARN_OBJC_ROOT_CLASS = YES_ERROR;
				CLANG_WARN_QUOTED_INCLUDE_IN_FRAMEWORK_HEADER = YES;
				CLANG_WARN_RANGE_LOOP_ANALYSIS = YES;
				CLANG_WARN_STRICT_PROTOTYPES = YES;
				CLANG_WARN_SUSPICIOUS_MOVE = YES;
				CLANG_WARN_UNGUARDED_AVAILABILITY = YES_AGGRESSIVE;
				CLANG_WARN_UNREACHABLE_CODE = YES;
				CLANG_WARN__DUPLICATE_METHOD_MATCH = YES;
				COPY_PHASE_STRIP = NO;
				DEBUG_INFORMATION_FORMAT = dwarf;
				ENABLE_STRICT_OBJC_MSGSEND = YES;
				ENABLE_TESTABILITY = YES;
				ENABLE_USER_SCRIPT_SANDBOXING = YES;
				GCC_C_LANGUAGE_STANDARD = gnu17;
				GCC_DYNAMIC_NO_PIC = NO;
				GCC_NO_COMMON_BLOCKS = YES;
				GCC_OPTIMIZATION_LEVEL = 0;
				GCC_PREPROCESSOR_DEFINITIONS = (
					"DEBUG=1",
					"$(inherited)",
				);
				GCC_WARN_64_TO_32_BIT_CONVERSION = YES;
				GCC_WARN_ABOUT_RETURN_TYPE = YES_ERROR;
				GCC_WARN_UNDECLARED_SELECTOR = YES;
				GCC_WARN_UNINITIALIZED_AUTOS = YES_AGGRESSIVE;
				GCC_WARN_UNUSED_FUNCTION = YES;
				GCC_WARN_UNUSED_VARIABLE = YES;
				IPHONEOS_DEPLOYMENT_TARGET = 26.1;
				LOCALIZATION_PREFERS_STRING_CATALOGS = YES;
				MTL_ENABLE_DEBUG_INFO = INCLUDE_SOURCE;
				MTL_FAST_MATH = YES;
				ONLY_ACTIVE_ARCH = YES;
				SDKROOT = iphoneos;
				SWIFT_ACTIVE_COMPILATION_CONDITIONS = "DEBUG $(inherited)";
				SWIFT_OPTIMIZATION_LEVEL = "-Onone";
			};
			name = Debug;
		};
		64F7B10E2ECD4BF100F491A2 /* Release */ = {
			isa = XCBuildConfiguration;
			buildSettings = {
				ALWAYS_SEARCH_USER_PATHS = NO;
				ASSETCATALOG_COMPILER_GENERATE_SWIFT_ASSET_SYMBOL_EXTENSIONS = YES;
				CLANG_ANALYZER_NONNULL = YES;
				CLANG_ANALYZER_NUMBER_OBJECT_CONVERSION = YES_AGGRESSIVE;
				CLANG_CXX_LANGUAGE_STANDARD = "gnu++20";
				CLANG_ENABLE_MODULES = YES;
				CLANG_ENABLE_OBJC_ARC = YES;
				CLANG_ENABLE_OBJC_WEAK = YES;
				CLANG_WARN_BLOCK_CAPTURE_AUTORELEASING = YES;
				CLANG_WARN_BOOL_CONVERSION = YES;
				CLANG_WARN_COMMA = YES;
				CLANG_WARN_CONSTANT_CONVERSION = YES;
				CLANG_WARN_DEPRECATED_OBJC_IMPLEMENTATIONS = YES;
				CLANG_WARN_DIRECT_OBJC_ISA_USAGE = YES_ERROR;
				CLANG_WARN_DOCUMENTATION_COMMENTS = YES;
				CLANG_WARN_EMPTY_BODY = YES;
				CLANG_WARN_ENUM_CONVERSION = YES;
				CLANG_WARN_INFINITE_RECURSION = YES;
				CLANG_WARN_INT_CONVERSION = YES;
				CLANG_WARN_NON_LITERAL_NULL_CONVERSION = YES;
				CLANG_WARN_OBJC_IMPLICIT_RETAIN_SELF = YES;
				CLANG_WARN_OBJC_LITERAL_CONVERSION = YES;
				CLANG_WARN_OBJC_ROOT_CLASS = YES_ERROR;
				CLANG_WARN_QUOTED_INCLUDE_IN_FRAMEWORK_HEADER = YES;
				CLANG_WARN_RANGE_LOOP_ANALYSIS = YES;
				CLANG_WARN_STRICT_PROTOTYPES = YES;
				CLANG_WARN_SUSPICIOUS_MOVE = YES;
				CLANG_WARN_UNGUARDED_AVAILABILITY = YES_AGGRESSIVE;
				CLANG_WARN_UNREACHABLE_CODE = YES;
				CLANG_WARN__DUPLICATE_METHOD_MATCH = YES;
				COPY_PHASE_STRIP = NO;
				DEBUG_INFORMATION_FORMAT = "dwarf-with-dsym";
				ENABLE_NS_ASSERTIONS = NO;
				ENABLE_STRICT_OBJC_MSGSEND = YES;
				ENABLE_USER_SCRIPT_SANDBOXING = YES;
				GCC_C_LANGUAGE_STANDARD = gnu17;
				GCC_NO_COMMON_BLOCKS = YES;
				GCC_WARN_64_TO_32_BIT_CONVERSION = YES;
				GCC_WARN_ABOUT_RETURN_TYPE = YES_ERROR;
				GCC_WARN_UNDECLARED_SELECTOR = YES;
				GCC_WARN_UNINITIALIZED_AUTOS = YES_AGGRESSIVE;
				GCC_WARN_UNUSED_FUNCTION = YES;
				GCC_WARN_UNUSED_VARIABLE = YES;
				IPHONEOS_DEPLOYMENT_TARGET = 26.1;
				LOCALIZATION_PREFERS_STRING_CATALOGS = YES;
				MTL_ENABLE_DEBUG_INFO = NO;
				MTL_FAST_MATH = YES;
				SDKROOT = iphoneos;
				SWIFT_COMPILATION_MODE = wholemodule;
				VALIDATE_PRODUCT = YES;
			};
			name = Release;
		};
		64F7B1102ECD4BF100F491A2 /* Debug */ = {
			isa = XCBuildConfiguration;
			buildSettings = {
				ASSETCATALOG_COMPILER_APPICON_NAME = AppIcon;
				ASSETCATALOG_COMPILER_GLOBAL_ACCENT_COLOR_NAME = AccentColor;
				CODE_SIGN_ENTITLEMENTS = Physically/Physically.entitlements;
				CODE_SIGN_STYLE = Automatic;
				CURRENT_PROJECT_VERSION = 1;
				DEVELOPMENT_TEAM = LHCC7W3H84;
				ENABLE_PREVIEWS = YES;
				GENERATE_INFOPLIST_FILE = YES;
				INFOPLIST_FILE = Physically/Info.plist;
				INFOPLIST_KEY_UIApplicationSceneManifest_Generation = YES;
				INFOPLIST_KEY_UIApplicationSupportsIndirectInputEvents = YES;
				INFOPLIST_KEY_UILaunchScreen_Generation = YES;
				INFOPLIST_KEY_UISupportedInterfaceOrientations_iPad = "UIInterfaceOrientationPortrait UIInterfaceOrientationPortraitUpsideDown UIInterfaceOrientationLandscapeLeft UIInterfaceOrientationLandscapeRight";
				INFOPLIST_KEY_UISupportedInterfaceOrientations_iPhone = "UIInterfaceOrientationPortrait UIInterfaceOrientationLandscapeLeft UIInterfaceOrientationLandscapeRight";
				LD_RUNPATH_SEARCH_PATHS = (
					"$(inherited)",
					"@executable_path/Frameworks",
				);
				MARKETING_VERSION = 1.0;
				PRODUCT_BUNDLE_IDENTIFIER = pratik.Physically;
				PRODUCT_NAME = "$(TARGET_NAME)";
				STRING_CATALOG_GENERATE_SYMBOLS = YES;
				SWIFT_APPROACHABLE_CONCURRENCY = YES;
				SWIFT_DEFAULT_ACTOR_ISOLATION = MainActor;
				SWIFT_EMIT_LOC_STRINGS = YES;
				SWIFT_UPCOMING_FEATURE_MEMBER_IMPORT_VISIBILITY = YES;
				SWIFT_VERSION = 5.0;
				TARGETED_DEVICE_FAMILY = "1,2";
			};
			name = Debug;
		};
		64F7B1112ECD4BF100F491A2 /* Release */ = {
			isa = XCBuildConfiguration;
			buildSettings = {
				ASSETCATALOG_COMPILER_APPICON_NAME = AppIcon;
				ASSETCATALOG_COMPILER_GLOBAL_ACCENT_COLOR_NAME = AccentColor;
				CODE_SIGN_ENTITLEMENTS = Physically/Physically.entitlements;
				CODE_SIGN_STYLE = Automatic;
				CURRENT_PROJECT_VERSION = 1;
				DEVELOPMENT_TEAM = LHCC7W3H84;
				ENABLE_PREVIEWS = YES;
				GENERATE_INFOPLIST_FILE = YES;
				INFOPLIST_FILE = Physically/Info.plist;
				INFOPLIST_KEY_UIApplicationSceneManifest_Generation = YES;
				INFOPLIST_KEY_UIApplicationSupportsIndirectInputEvents = YES;
				INFOPLIST_KEY_UILaunchScreen_Generation = YES;
				INFOPLIST_KEY_UISupportedInterfaceOrientations_iPad = "UIInterfaceOrientationPortrait UIInterfaceOrientationPortraitUpsideDown UIInterfaceOrientationLandscapeLeft UIInterfaceOrientationLandscapeRight";
				INFOPLIST_KEY_UISupportedInterfaceOrientations_iPhone = "UIInterfaceOrientationPortrait UIInterfaceOrientationLandscapeLeft UIInterfaceOrientationLandscapeRight";
				LD_RUNPATH_SEARCH_PATHS = (
					"$(inherited)",
					"@executable_path/Frameworks",
				);
				MARKETING_VERSION = 1.0;
				PRODUCT_BUNDLE_IDENTIFIER = pratik.Physically;
				PRODUCT_NAME = "$(TARGET_NAME)";
				STRING_CATALOG_GENERATE_SYMBOLS = YES;
				SWIFT_APPROACHABLE_CONCURRENCY = YES;
				SWIFT_DEFAULT_ACTOR_ISOLATION = MainActor;
				SWIFT_EMIT_LOC_STRINGS = YES;
				SWIFT_UPCOMING_FEATURE_MEMBER_IMPORT_VISIBILITY = YES;
				SWIFT_VERSION = 5.0;
				TARGETED_DEVICE_FAMILY = "1,2";
			};
			name = Release;
		};
		64F7B1312ECDB92400F491A2 /* Debug */ = {
			isa = XCBuildConfiguration;
			buildSettings = {
				CODE_SIGN_ENTITLEMENTS = PhysicallyShield/PhysicallyShield.entitlements;
				CODE_SIGN_STYLE = Automatic;
				CURRENT_PROJECT_VERSION = 1;
				DEVELOPMENT_TEAM = LHCC7W3H84;
				GENERATE_INFOPLIST_FILE = YES;
				INFOPLIST_FILE = PhysicallyShield/Info.plist;
				INFOPLIST_KEY_CFBundleDisplayName = PhysicallyShield;
				INFOPLIST_KEY_NSHumanReadableCopyright = "";
				LD_RUNPATH_SEARCH_PATHS = (
					"$(inherited)",
					"@executable_path/Frameworks",
					"@executable_path/../../Frameworks",
				);
				MARKETING_VERSION = 1.0;
				PRODUCT_BUNDLE_IDENTIFIER = pratik.Physically.PhysicallyShield;
				PRODUCT_NAME = "$(TARGET_NAME)";
				SKIP_INSTALL = YES;
				STRING_CATALOG_GENERATE_SYMBOLS = YES;
				SWIFT_APPROACHABLE_CONCURRENCY = YES;
				SWIFT_EMIT_LOC_STRINGS = YES;
				SWIFT_UPCOMING_FEATURE_MEMBER_IMPORT_VISIBILITY = YES;
				SWIFT_VERSION = 5.0;
				TARGETED_DEVICE_FAMILY = "1,2";
			};
			name = Debug;
		};
		64F7B1322ECDB92400F491A2 /* Release */ = {
			isa = XCBuildConfiguration;
			buildSettings = {
				CODE_SIGN_ENTITLEMENTS = PhysicallyShield/PhysicallyShield.entitlements;
				CODE_SIGN_STYLE = Automatic;
				CURRENT_PROJECT_VERSION = 1;
				DEVELOPMENT_TEAM = LHCC7W3H84;
				GENERATE_INFOPLIST_FILE = YES;
				INFOPLIST_FILE = PhysicallyShield/Info.plist;
				INFOPLIST_KEY_CFBundleDisplayName = PhysicallyShield;
				INFOPLIST_KEY_NSHumanReadableCopyright = "";
				LD_RUNPATH_SEARCH_PATHS = (
					"$(inherited)",
					"@executable_path/Frameworks",
					"@executable_path/../../Frameworks",
				);
				MARKETING_VERSION = 1.0;
				PRODUCT_BUNDLE_IDENTIFIER = pratik.Physically.PhysicallyShield;
				PRODUCT_NAME = "$(TARGET_NAME)";
				SKIP_INSTALL = YES;
				STRING_CATALOG_GENERATE_SYMBOLS = YES;
				SWIFT_APPROACHABLE_CONCURRENCY = YES;
				SWIFT_EMIT_LOC_STRINGS = YES;
				SWIFT_UPCOMING_FEATURE_MEMBER_IMPORT_VISIBILITY = YES;
				SWIFT_VERSION = 5.0;
				TARGETED_DEVICE_FAMILY = "1,2";
			};
			name = Release;
		};
/* End XCBuildConfiguration section */

/* Begin XCConfigurationList section */
		64B280352ED1527000B07C8A /* Build configuration list for PBXNativeTarget "PhysicallyAction" */ = {
			isa = XCConfigurationList;
			buildConfigurations = (
				64B280362ED1527000B07C8A /* Debug */,
				64B280372ED1527000B07C8A /* Release */,
			);
			defaultConfigurationIsVisible = 0;
			defaultConfigurationName = Release;
		};
		64B280722ED2163C00B07C8A /* Build configuration list for PBXNativeTarget "PhysicallyMonitor" */ = {
			isa = XCConfigurationList;
			buildConfigurations = (
				64B280732ED2163C00B07C8A /* Debug */,
				64B280742ED2163C00B07C8A /* Release */,
			);
			defaultConfigurationIsVisible = 0;
			defaultConfigurationName = Release;
		};
		64F7B0FF2ECD4BEF00F491A2 /* Build configuration list for PBXProject "Physically" */ = {
			isa = XCConfigurationList;
			buildConfigurations = (
				64F7B10D2ECD4BF100F491A2 /* Debug */,
				64F7B10E2ECD4BF100F491A2 /* Release */,
			);
			defaultConfigurationIsVisible = 0;
			defaultConfigurationName = Release;
		};
		64F7B10F2ECD4BF100F491A2 /* Build configuration list for PBXNativeTarget "Physically" */ = {
			isa = XCConfigurationList;
			buildConfigurations = (
				64F7B1102ECD4BF100F491A2 /* Debug */,
				64F7B1112ECD4BF100F491A2 /* Release */,
			);
			defaultConfigurationIsVisible = 0;
			defaultConfigurationName = Release;
		};
		64F7B1302ECDB92400F491A2 /* Build configuration list for PBXNativeTarget "PhysicallyShield" */ = {
			isa = XCConfigurationList;
			buildConfigurations = (
				64F7B1312ECDB92400F491A2 /* Debug */,
				64F7B1322ECDB92400F491A2 /* Release */,
			);
			defaultConfigurationIsVisible = 0;
			defaultConfigurationName = Release;
		};
/* End XCConfigurationList section */
	};
	rootObject = 64F7B0FC2ECD4BEF00F491A2 /* Project object */;
}
